
Microsoft Visual Studio Solution File, Format Version 12.00
# Visual Studio Version 17
VisualStudioVersion = 17.1.32421.90
MinimumVisualStudioVersion = 10.0.40219.1
Project("{2150E333-8FDC-42A3-9474-1A3956D46DE8}") = "1 - Apresentação", "1 - Apresentação", "{FE84CBB5-C070-48B7-AA79-6A91F7D91A4A}"
EndProject
Project("{2150E333-8FDC-42A3-9474-1A3956D46DE8}") = "2 - Aplicação", "2 - Aplicação", "{88F1B79A-2320-40C2-ACE4-74B3D0413663}"
EndProject
Project("{2150E333-8FDC-42A3-9474-1A3956D46DE8}") = "3 - Dominio", "3 - Dominio", "{2DC41D57-08F6-43EC-ACCD-C5FC590C9367}"
EndProject
Project("{2150E333-8FDC-42A3-9474-1A3956D46DE8}") = "4 - Infra", "4 - Infra", "{8CC7D73F-5075-484F-8DE6-4EA86E3C9D39}"
EndProject
Project("{2150E333-8FDC-42A3-9474-1A3956D46DE8}") = "5 - Testes", "5 - Testes", "{948222FF-D0F8-458C-8723-82997A4D1FFD}"
EndProject
Project("{9A19103F-16F7-4668-BE54-9A1E7A4F7556}") = "Aplicação", "Aplicação\Aplicação.csproj", "{52C932A7-5080-4484-B82E-CA8EE9FC591F}"
EndProject
Project("{9A19103F-16F7-4668-BE54-9A1E7A4F7556}") = "Dominio", "Dominio\Dominio.csproj", "{92E0D687-1ABE-4149-A34E-887756BE2287}"
EndProject
Project("{2150E333-8FDC-42A3-9474-1A3956D46DE8}") = "4.1 - Dados", "4.1 - Dados", "{900699A8-70F4-4E1D-A569-8E807D5D9C46}"
EndProject
Project("{2150E333-8FDC-42A3-9474-1A3956D46DE8}") = "4.2 - Injeção de Depedencia", "4.2 - Injeção de Depedencia", "{79387DE0-8DCD-4B38-807C-3F869CB63BD2}"
EndProject
Project("{2150E333-8FDC-42A3-9474-1A3956D46DE8}") = "4.3 - Comuns", "4.3 - Comuns", "{2F042EE0-A6BF-4DAA-8DE8-31C485DFA330}"
EndProject
Project("{9A19103F-16F7-4668-BE54-9A1E7A4F7556}") = "Dados", "Dados\Dados.csproj", "{72245B74-61C8-4FEF-AF0E-FA8B84F24903}"
EndProject
Project("{9A19103F-16F7-4668-BE54-9A1E7A4F7556}") = "InjecaoDepedencia", "InjecaoDepedencia\InjecaoDepedencia.csproj", "{745A67AF-3CF7-4125-8C0E-AD07A9063D1D}"
EndProject
Project("{9A19103F-16F7-4668-BE54-9A1E7A4F7556}") = "Comuns", "Comuns\Comuns.csproj", "{656848B1-48CA-4B21-A2FE-0FC1ECABD500}"
EndProject
Project("{2150E333-8FDC-42A3-9474-1A3956D46DE8}") = "API", "API", "{C4543743-E7D2-49C1-A92F-A604BBE5703F}"
EndProject
Project("{FAE04EC0-301F-11D3-BF4B-00C04F79EFBC}") = "API", "API\API.csproj", "{EE9A400C-919E-402C-AC16-61B08A667EB5}"
EndProject
Global
	GlobalSection(SolutionConfigurationPlatforms) = preSolution
		Debug|Any CPU = Debug|Any CPU
		Release|Any CPU = Release|Any CPU
	EndGlobalSection
	GlobalSection(ProjectConfigurationPlatforms) = postSolution
		{52C932A7-5080-4484-B82E-CA8EE9FC591F}.Debug|Any CPU.ActiveCfg = Debug|Any CPU
		{52C932A7-5080-4484-B82E-CA8EE9FC591F}.Debug|Any CPU.Build.0 = Debug|Any CPU
		{52C932A7-5080-4484-B82E-CA8EE9FC591F}.Release|Any CPU.ActiveCfg = Release|Any CPU
		{52C932A7-5080-4484-B82E-CA8EE9FC591F}.Release|Any CPU.Build.0 = Release|Any CPU
		{92E0D687-1ABE-4149-A34E-887756BE2287}.Debug|Any CPU.ActiveCfg = Debug|Any CPU
		{92E0D687-1ABE-4149-A34E-887756BE2287}.Debug|Any CPU.Build.0 = Debug|Any CPU
		{92E0D687-1ABE-4149-A34E-887756BE2287}.Release|Any CPU.ActiveCfg = Release|Any CPU
		{92E0D687-1ABE-4149-A34E-887756BE2287}.Release|Any CPU.Build.0 = Release|Any CPU
		{72245B74-61C8-4FEF-AF0E-FA8B84F24903}.Debug|Any CPU.ActiveCfg = Debug|Any CPU
		{72245B74-61C8-4FEF-AF0E-FA8B84F24903}.Debug|Any CPU.Build.0 = Debug|Any CPU
		{72245B74-61C8-4FEF-AF0E-FA8B84F24903}.Release|Any CPU.ActiveCfg = Release|Any CPU
		{72245B74-61C8-4FEF-AF0E-FA8B84F24903}.Release|Any CPU.Build.0 = Release|Any CPU
		{745A67AF-3CF7-4125-8C0E-AD07A9063D1D}.Debug|Any CPU.ActiveCfg = Debug|Any CPU
		{745A67AF-3CF7-4125-8C0E-AD07A9063D1D}.Debug|Any CPU.Build.0 = Debug|Any CPU
		{745A67AF-3CF7-4125-8C0E-AD07A9063D1D}.Release|Any CPU.ActiveCfg = Release|Any CPU
		{745A67AF-3CF7-4125-8C0E-AD07A9063D1D}.Release|Any CPU.Build.0 = Release|Any CPU
		{656848B1-48CA-4B21-A2FE-0FC1ECABD500}.Debug|Any CPU.ActiveCfg = Debug|Any CPU
		{656848B1-48CA-4B21-A2FE-0FC1ECABD500}.Debug|Any CPU.Build.0 = Debug|Any CPU
		{656848B1-48CA-4B21-A2FE-0FC1ECABD500}.Release|Any CPU.ActiveCfg = Release|Any CPU
		{656848B1-48CA-4B21-A2FE-0FC1ECABD500}.Release|Any CPU.Build.0 = Release|Any CPU
		{EE9A400C-919E-402C-AC16-61B08A667EB5}.Debug|Any CPU.ActiveCfg = Debug|Any CPU
		{EE9A400C-919E-402C-AC16-61B08A667EB5}.Debug|Any CPU.Build.0 = Debug|Any CPU
		{EE9A400C-919E-402C-AC16-61B08A667EB5}.Release|Any CPU.ActiveCfg = Release|Any CPU
		{EE9A400C-919E-402C-AC16-61B08A667EB5}.Release|Any CPU.Build.0 = Release|Any CPU
	EndGlobalSection
	GlobalSection(SolutionProperties) = preSolution
		HideSolutionNode = FALSE
	EndGlobalSection
	GlobalSection(NestedProjects) = preSolution
		{52C932A7-5080-4484-B82E-CA8EE9FC591F} = {88F1B79A-2320-40C2-ACE4-74B3D0413663}
		{92E0D687-1ABE-4149-A34E-887756BE2287} = {2DC41D57-08F6-43EC-ACCD-C5FC590C9367}
		{900699A8-70F4-4E1D-A569-8E807D5D9C46} = {8CC7D73F-5075-484F-8DE6-4EA86E3C9D39}
		{79387DE0-8DCD-4B38-807C-3F869CB63BD2} = {8CC7D73F-5075-484F-8DE6-4EA86E3C9D39}
		{2F042EE0-A6BF-4DAA-8DE8-31C485DFA330} = {8CC7D73F-5075-484F-8DE6-4EA86E3C9D39}
		{72245B74-61C8-4FEF-AF0E-FA8B84F24903} = {900699A8-70F4-4E1D-A569-8E807D5D9C46}
		{745A67AF-3CF7-4125-8C0E-AD07A9063D1D} = {79387DE0-8DCD-4B38-807C-3F869CB63BD2}
		{656848B1-48CA-4B21-A2FE-0FC1ECABD500} = {2F042EE0-A6BF-4DAA-8DE8-31C485DFA330}
		{C4543743-E7D2-49C1-A92F-A604BBE5703F} = {FE84CBB5-C070-48B7-AA79-6A91F7D91A4A}
		{EE9A400C-919E-402C-AC16-61B08A667EB5} = {C4543743-E7D2-49C1-A92F-A604BBE5703F}
	EndGlobalSection
	GlobalSection(ExtensibilityGlobals) = postSolution
		SolutionGuid = {7007CFB6-5712-45AE-87D2-75107E1D2430}
	EndGlobalSection
EndGlobal
